{
  "name": "network-viewer-example",
  "version": "0.0.0",
  "lockfileVersion": 2,
  "requires": true,
  "packages": {
    "": {
      "name": "network-viewer-example",
      "version": "0.0.0",
      "dependencies": {
        "classnames": "file:../node_modules/classnames",
        "network-viewer": "file:..",
        "qs": "file:../node_modules/qs",
        "react": "file:../node_modules/react",
        "react-dom": "file:../node_modules/react-dom",
        "react-scripts": "file:../node_modules/react-scripts"
      }
    },
    "..": {
      "version": "2.2.0",
      "license": "MIT",
      "dependencies": {
        "@react-aria/overlays": "3.14.0",
        "@react-aria/tooltip": "^3.3.0",
        "@react-aria/utils": "^3.25.1",
        "@react-stately/tooltip": "^3.4.11",
        "axios": "0.21.2",
        "classnames": "2.5.1",
        "file-saver": "^2.0.5",
        "immutable": "4.3.7",
        "prop-types": "^15.7.2",
        "qs": "^6.12.3",
        "react": "^16.13.1",
        "react-dropzone": "14.2.3",
        "react-transition-group": "^4.4.1",
        "react-window": "^1.8.10"
      },
      "devDependencies": {
        "@babel/core": "^7.24.8",
        "@babel/preset-env": "^7.24.8",
        "@babel/preset-react": "^7.24.7",
        "@rollup/plugin-babel": "^6.0.4",
        "@rollup/plugin-commonjs": "^26.0.1",
        "@rollup/plugin-json": "^6.1.0",
        "@rollup/plugin-node-resolve": "^15.2.3",
        "@rollup/plugin-replace": "^5.0.7",
        "@svgr/rollup": "^8.1.0",
        "autoprefixer": "^10.4.19",
        "babel-eslint": "^10.1.0",
        "babel-jest": "^29.7.0",
        "camelcase": "^8.0.0",
        "concurrently": "^8.2.2",
        "cssnano": "^7.0.5",
        "deepmerge": "^4.3.1",
        "enzyme": "^3.11.0",
        "enzyme-adapter-react-16": "^1.15.8",
        "enzyme-to-json": "^3.6.2",
        "eslint": "^7.32.0",
        "eslint-config-airbnb": "^19.0.4",
        "eslint-plugin-import": "^2.29.1",
        "eslint-plugin-jsx-a11y": "^6.9.0",
        "eslint-plugin-react": "^7.34.3",
        "eslint-plugin-react-hooks": "^4.6.2",
        "gh-pages": "^6.1.1",
        "jest": "^29.7.0",
        "jest-environment-jsdom-fourteen": "^1.0.1",
        "jest-watch-typeahead": "^2.2.2",
        "npm-run-all": "^4.1.5",
        "postcss": "^8.4.39",
        "react-scripts": "^5.0.1",
        "recharts": "1.8.5",
        "release-it": "^17.6.0",
        "rollup": "^4.20.0",
        "rollup-plugin-filesize": "^10.0.0",
        "rollup-plugin-peer-deps-external": "^2.2.4",
        "rollup-plugin-postcss": "^4.0.2",
        "rollup-plugin-smart-asset": "^2.1.2",
        "sass": "^1.77.8",
        "typescript": "^4.9.5"
      }
    },
    "../node_modules/axios": {
      "version": "1.7.3",
      "license": "MIT",
      "dependencies": {
        "follow-redirects": "^1.15.6",
        "form-data": "^4.0.0",
        "proxy-from-env": "^1.1.0"
      }
    },
    "../node_modules/classnames": {},
    "../node_modules/qs": {},
    "../node_modules/react": {},
    "../node_modules/react-dom": {},
    "../node_modules/react-scripts": {},
    "node_modules/classnames": {
      "resolved": "../node_modules/classnames",
      "link": true
    },
    "node_modules/network-viewer": {
      "resolved": "..",
      "link": true
    },
    "node_modules/qs": {
      "resolved": "../node_modules/qs",
      "link": true
    },
    "node_modules/react": {
      "resolved": "../node_modules/react",
      "link": true
    },
    "node_modules/react-dom": {
      "resolved": "../node_modules/react-dom",
      "link": true
    },
    "node_modules/react-scripts": {
      "resolved": "../node_modules/react-scripts",
      "link": true
    }
  },
  "dependencies": {
    "classnames": {
      "version": "file:../node_modules/classnames"
    },
    "network-viewer": {
      "version": "file:..",
      "requires": {
        "@babel/core": "^7.24.8",
        "@babel/preset-env": "^7.24.8",
        "@babel/preset-react": "^7.24.7",
        "@react-aria/overlays": "3.14.0",
        "@react-aria/tooltip": "^3.3.0",
        "@react-aria/utils": "^3.25.1",
        "@react-stately/tooltip": "^3.4.11",
        "@rollup/plugin-babel": "^6.0.4",
        "@rollup/plugin-commonjs": "^26.0.1",
        "@rollup/plugin-json": "^6.1.0",
        "@rollup/plugin-node-resolve": "^15.2.3",
        "@rollup/plugin-replace": "^5.0.7",
        "@svgr/rollup": "^8.1.0",
        "autoprefixer": "^10.4.19",
        "axios": "0.21.2",
        "babel-eslint": "^10.1.0",
        "babel-jest": "^29.7.0",
        "camelcase": "^8.0.0",
        "classnames": "2.5.1",
        "concurrently": "^8.2.2",
        "cssnano": "^7.0.5",
        "deepmerge": "^4.3.1",
        "enzyme": "^3.11.0",
        "enzyme-adapter-react-16": "^1.15.8",
        "enzyme-to-json": "^3.6.2",
        "eslint": "^7.32.0",
        "eslint-config-airbnb": "^19.0.4",
        "eslint-plugin-import": "^2.29.1",
        "eslint-plugin-jsx-a11y": "^6.9.0",
        "eslint-plugin-react": "^7.34.3",
        "eslint-plugin-react-hooks": "^4.6.2",
        "file-saver": "^2.0.5",
        "gh-pages": "^6.1.1",
        "immutable": "4.3.7",
        "jest": "^29.7.0",
        "jest-environment-jsdom-fourteen": "^1.0.1",
        "jest-watch-typeahead": "^2.2.2",
        "npm-run-all": "^4.1.5",
        "postcss": "^8.4.39",
        "prop-types": "^15.7.2",
        "qs": "^6.12.3",
        "react": "^16.13.1",
        "react-dropzone": "14.2.3",
        "react-scripts": "^5.0.1",
        "react-transition-group": "^4.4.1",
        "react-window": "^1.8.10",
        "recharts": "1.8.5",
        "release-it": "^17.6.0",
        "rollup": "^4.20.0",
        "rollup-plugin-filesize": "^10.0.0",
        "rollup-plugin-peer-deps-external": "^2.2.4",
        "rollup-plugin-postcss": "^4.0.2",
        "rollup-plugin-smart-asset": "^2.1.2",
        "sass": "^1.77.8",
        "typescript": "^4.9.5"
      },
      "dependencies": {
        "axios": {
          "version": "1.7.3",
          "requires": {
            "follow-redirects": "^1.15.6",
            "form-data": "^4.0.0",
            "proxy-from-env": "^1.1.0"
          }
        },
        "classnames": {},
        "qs": {},
        "react": {},
        "react-dom": {},
        "react-scripts": {}
      }
    },
    "qs": {
      "version": "file:../node_modules/qs"
    },
    "react": {
      "version": "file:../node_modules/react"
    },
    "react-dom": {
      "version": "file:../node_modules/react-dom"
    },
    "react-scripts": {
      "version": "file:../node_modules/react-scripts"
    }
  }
}
