{
  "name": "network-viewer-example",
  "version": "0.0.0",
  "lockfileVersion": 2,
  "requires": true,
  "packages": {
    "": {
      "name": "network-viewer-example",
      "version": "0.0.0",
      "dependencies": {
        "classnames": "file:../node_modules/classnames",
        "network-viewer": "file:..",
        "qs": "file:../node_modules/qs",
        "react": "file:../node_modules/react",
        "react-dom": "file:../node_modules/react-dom",
        "react-scripts": "file:../node_modules/react-scripts"
      }
    },
    "..": {
      "version": "2.1.0",
      "license": "MIT",
      "dependencies": {
        "@react-aria/overlays": "3.14.0",
        "@react-aria/tooltip": "^3.3.0",
        "@react-aria/utils": "^3.25.1",
        "@react-stately/tooltip": "^3.4.11",
        "axios": "0.21.2",
        "classnames": ">=2.2.6",
        "file-saver": "^2.0.5",
        "immutable": ">=3.8.2",
        "prop-types": "^15.7.2",
        "qs": "^6.12.3",
        "react": "^16.13.1",
        "react-dropzone": "11.0.1",
        "react-transition-group": "^4.4.1",
        "react-window": "^1.8.10",
        "recharts": ">=1.8.5"
      },
      "devDependencies": {
        "@babel/core": "^7.24.8",
        "@babel/preset-env": "^7.24.8",
        "@babel/preset-react": "^7.24.7",
        "@rollup/plugin-babel": "^5.3.1",
        "@rollup/plugin-commonjs": "^19.0.2",
        "@rollup/plugin-json": "^4.1.0",
        "@rollup/plugin-node-resolve": "^13.3.0",
        "@rollup/plugin-replace": "^3.1.0",
        "@svgr/rollup": "^5.5.0",
        "autoprefixer": "^10.4.19",
        "babel-eslint": "^10.1.0",
        "babel-jest": "^26.6.3",
        "camelcase": "^6.3.0",
        "classnames": "2.2.6",
        "concurrently": "^5.3.0",
        "cssnano": "^5.1.15",
        "deepmerge": "^4.3.1",
        "enzyme": "^3.11.0",
        "enzyme-adapter-react-16": "^1.15.8",
        "enzyme-to-json": "^3.6.2",
        "eslint": "^7.32.0",
        "eslint-config-airbnb": "^18.2.1",
        "eslint-plugin-import": "^2.29.1",
        "eslint-plugin-jsx-a11y": "^6.9.0",
        "eslint-plugin-react": "^7.34.3",
        "eslint-plugin-react-hooks": "^4.6.2",
        "gh-pages": "^3.2.3",
        "immutable": "3.8.2",
        "jest": "^26.6.3",
        "jest-environment-jsdom-fourteen": "^1.0.1",
        "jest-watch-typeahead": "^0.6.5",
        "npm-run-all": "^4.1.5",
        "postcss": "^8.4.39",
        "prop-types": "^15.8.1",
        "react-dom": "^16.14.0",
        "react-scripts": "^5.0.1",
        "recharts": "1.8.5",
        "release-it": "^15.11.0",
        "rollup": "^2.79.1",
        "rollup-plugin-filesize": "^9.1.2",
        "rollup-plugin-peer-deps-external": "^2.2.4",
        "rollup-plugin-postcss": "^4.0.2",
        "rollup-plugin-smart-asset": "^2.1.2",
        "sass": "^1.77.8"
      },
      "peerDependencies": {
        "react": "^16.13.1",
        "react-dom": "^16.13.1"
      }
    },
    "../node_modules/classnames": {},
    "../node_modules/qs": {},
    "../node_modules/react": {},
    "../node_modules/react-dom": {},
    "../node_modules/react-scripts": {},
    "node_modules/classnames": {
      "resolved": "../node_modules/classnames",
      "link": true
    },
    "node_modules/network-viewer": {
      "resolved": "..",
      "link": true
    },
    "node_modules/qs": {
      "resolved": "../node_modules/qs",
      "link": true
    },
    "node_modules/react": {
      "resolved": "../node_modules/react",
      "link": true
    },
    "node_modules/react-dom": {
      "resolved": "../node_modules/react-dom",
      "link": true
    },
    "node_modules/react-scripts": {
      "resolved": "../node_modules/react-scripts",
      "link": true
    }
  },
  "dependencies": {
    "classnames": {
      "version": "file:../node_modules/classnames"
    },
    "network-viewer": {
      "version": "file:..",
      "requires": {
        "@babel/core": "^7.24.8",
        "@babel/preset-env": "^7.24.8",
        "@babel/preset-react": "^7.24.7",
        "@react-aria/overlays": "3.14.0",
        "@react-aria/tooltip": "^3.3.0",
        "@react-aria/utils": "^3.25.1",
        "@react-stately/tooltip": "^3.4.11",
        "@rollup/plugin-babel": "^5.3.1",
        "@rollup/plugin-commonjs": "^19.0.2",
        "@rollup/plugin-json": "^4.1.0",
        "@rollup/plugin-node-resolve": "^13.3.0",
        "@rollup/plugin-replace": "^3.1.0",
        "@svgr/rollup": "^5.5.0",
        "autoprefixer": "^10.4.19",
        "axios": "0.21.2",
        "babel-eslint": "^10.1.0",
        "babel-jest": "^26.6.3",
        "camelcase": "^6.3.0",
        "classnames": "2.2.6",
        "concurrently": "^5.3.0",
        "cssnano": "^5.1.15",
        "deepmerge": "^4.3.1",
        "enzyme": "^3.11.0",
        "enzyme-adapter-react-16": "^1.15.8",
        "enzyme-to-json": "^3.6.2",
        "eslint": "^7.32.0",
        "eslint-config-airbnb": "^18.2.1",
        "eslint-plugin-import": "^2.29.1",
        "eslint-plugin-jsx-a11y": "^6.9.0",
        "eslint-plugin-react": "^7.34.3",
        "eslint-plugin-react-hooks": "^4.6.2",
        "file-saver": "^2.0.5",
        "gh-pages": "^3.2.3",
        "immutable": "3.8.2",
        "jest": "^26.6.3",
        "jest-environment-jsdom-fourteen": "^1.0.1",
        "jest-watch-typeahead": "^0.6.5",
        "npm-run-all": "^4.1.5",
        "postcss": "^8.4.39",
        "prop-types": "^15.8.1",
        "qs": "^6.12.3",
        "react": "^16.13.1",
        "react-dom": "^16.14.0",
        "react-dropzone": "11.0.1",
        "react-scripts": "^5.0.1",
        "react-transition-group": "^4.4.1",
        "react-window": "^1.8.10",
        "recharts": "1.8.5",
        "release-it": "^15.11.0",
        "rollup": "^2.79.1",
        "rollup-plugin-filesize": "^9.1.2",
        "rollup-plugin-peer-deps-external": "^2.2.4",
        "rollup-plugin-postcss": "^4.0.2",
        "rollup-plugin-smart-asset": "^2.1.2",
        "sass": "^1.77.8"
      },
      "dependencies": {
        "classnames": {},
        "qs": {},
        "react": {},
        "react-dom": {},
        "react-scripts": {}
      }
    },
    "qs": {
      "version": "file:../node_modules/qs"
    },
    "react": {
      "version": "file:../node_modules/react"
    },
    "react-dom": {
      "version": "file:../node_modules/react-dom"
    },
    "react-scripts": {
      "version": "file:../node_modules/react-scripts"
    }
  }
}
